PODS:
  - ImageRecognition (0.1.0):
    - ImageRecognition/Common (= 0.1.0)
    - ImageRecognition/CoreML (= 0.1.0)
  - ImageRecognition/Common (0.1.0)
  - ImageRecognition/CoreML (0.1.0):
    - ImageRecognition/Common

DEPENDENCIES:
  - ImageRecognition (from `../`)

EXTERNAL SOURCES:
  ImageRecognition:
    :path: "../"

SPEC CHECKSUMS:
  ImageRecognition: f064f538ad90e789aab52414846bfaa5b9eb6b77

PODFILE CHECKSUM: b005280b58be8e7f66a5bbe7858d7f18aa0f1e12

COCOAPODS: 1.11.2
