PODS:
  - ImageRecognition (0.1.0):
    - ImageRecognition/Common (= 0.1.0)
    - ImageRecognition/TensorFlow (= 0.1.0)
    - TensorFlowLiteSwift (~> 2.9.1)
    - TensorFlowLiteSwift/CoreML (~> 2.9.1)
  - ImageRecognition/Common (0.1.0):
    - TensorFlowLiteSwift (~> 2.9.1)
    - TensorFlowLiteSwift/CoreML (~> 2.9.1)
  - ImageRecognition/TensorFlow (0.1.0):
    - ImageRecognition/Common
    - ImageRecognition/TensorFlow/Models (= 0.1.0)
    - TensorFlowLiteSwift (~> 2.9.1)
    - TensorFlowLiteSwift/CoreML (~> 2.9.1)
  - ImageRecognition/TensorFlow/Models (0.1.0):
    - ImageRecognition/Common
    - TensorFlowLiteSwift (~> 2.9.1)
    - TensorFlowLiteSwift/CoreML (~> 2.9.1)
  - TensorFlowLiteC (2.9.1):
    - TensorFlowLiteC/Core (= 2.9.1)
  - TensorFlowLiteC/Core (2.9.1)
  - TensorFlowLiteC/CoreML (2.9.1):
    - TensorFlowLiteC/Core
  - TensorFlowLiteSwift (2.9.1):
    - TensorFlowLiteSwift/Core (= 2.9.1)
  - TensorFlowLiteSwift/Core (2.9.1):
    - TensorFlowLiteC (= 2.9.1)
  - TensorFlowLiteSwift/CoreML (2.9.1):
    - TensorFlowLiteC/CoreML (= 2.9.1)
    - TensorFlowLiteSwift/Core (= 2.9.1)

DEPENDENCIES:
  - ImageRecognition (from `../`)

SPEC REPOS:
  trunk:
    - TensorFlowLiteC
    - TensorFlowLiteSwift

EXTERNAL SOURCES:
  ImageRecognition:
    :path: "../"

SPEC CHECKSUMS:
  ImageRecognition: 7e2821328ecafd308b70ddeab51097ac8cdfe2da
  TensorFlowLiteC: 0a765860195fae345ca7398e33b07c80104c4b61
  TensorFlowLiteSwift: 0b584ad1fac27c0015609056a5ab4e7692bd1af3

PODFILE CHECKSUM: d3ad2297ffab57c21e0ba99530c9c0e4385c111b

COCOAPODS: 1.11.3
