PODS:
  - ImageRecognition (0.1.0):
    - ImageRecognition/Models (= 0.1.0)
  - ImageRecognition/Models (0.1.0)

DEPENDENCIES:
  - ImageRecognition (from `../`)

EXTERNAL SOURCES:
  ImageRecognition:
    :path: "../"

SPEC CHECKSUMS:
  ImageRecognition: a29972b3ecc6d26535cffa75f5b4f1cd5773272f

PODFILE CHECKSUM: b005280b58be8e7f66a5bbe7858d7f18aa0f1e12

COCOAPODS: 1.11.2
